
Microsoft Visual Studio Solution File, Format Version 12.00
# Visual Studio 15
VisualStudioVersion = 15.0.27130.2027
MinimumVisualStudioVersion = 10.0.40219.1
Project("{FAE04EC0-301F-11D3-BF4B-00C04F79EFBC}") = "MetodoSHell", "MetodoSHell\MetodoSHell.csproj", "{C9BE4E82-843B-4474-AC38-F26E07F6EF08}"
EndProject
Global
	GlobalSection(SolutionConfigurationPlatforms) = preSolution
		Debug|Any CPU = Debug|Any CPU
		Release|Any CPU = Release|Any CPU
	EndGlobalSection
	GlobalSection(ProjectConfigurationPlatforms) = postSolution
		{C9BE4E82-843B-4474-AC38-F26E07F6EF08}.Debug|Any CPU.ActiveCfg = Debug|Any CPU
		{C9BE4E82-843B-4474-AC38-F26E07F6EF08}.Debug|Any CPU.Build.0 = Debug|Any CPU
		{C9BE4E82-843B-4474-AC38-F26E07F6EF08}.Release|Any CPU.ActiveCfg = Release|Any CPU
		{C9BE4E82-843B-4474-AC38-F26E07F6EF08}.Release|Any CPU.Build.0 = Release|Any CPU
	EndGlobalSection
	GlobalSection(SolutionProperties) = preSolution
		HideSolutionNode = FALSE
	EndGlobalSection
	GlobalSection(ExtensibilityGlobals) = postSolution
		SolutionGuid = {89589D64-0EC2-496D-8FE7-59F02DC1208F}
	EndGlobalSection
EndGlobal
